
Microsoft Visual Studio Solution File, Format Version 12.00
# Visual Studio 15
VisualStudioVersion = 15.0.27703.2042
MinimumVisualStudioVersion = 10.0.40219.1
Project("{9A19103F-16F7-4668-BE54-9A1E7A4F7556}") = "MarsRoverApp", "MarsRoverApp\MarsRoverApp.csproj", "{2C729A22-618A-42FB-83D8-B4734616DC1E}"
EndProject
Project("{9A19103F-16F7-4668-BE54-9A1E7A4F7556}") = "MarsRoverApp.Core", "MarsRoverApp.Core\MarsRoverApp.Core.csproj", "{3A729D0C-DE09-4BF3-A758-461BE1FAF44E}"
EndProject
Project("{9A19103F-16F7-4668-BE54-9A1E7A4F7556}") = "MarsRoverApp.DTO", "MarsRoverApp.DTO\MarsRoverApp.DTO.csproj", "{3C0B8805-6A06-47D1-9C9C-FBF4E2565C59}"
EndProject
Project("{FAE04EC0-301F-11D3-BF4B-00C04F79EFBC}") = "MarsRoverApp.Test", "MarsRoverApp.Test\MarsRoverApp.Test.csproj", "{348F8D8C-6301-4A88-BF37-48738432BA11}"
EndProject
Global
	GlobalSection(SolutionConfigurationPlatforms) = preSolution
		Debug|Any CPU = Debug|Any CPU
		Release|Any CPU = Release|Any CPU
	EndGlobalSection
	GlobalSection(ProjectConfigurationPlatforms) = postSolution
		{2C729A22-618A-42FB-83D8-B4734616DC1E}.Debug|Any CPU.ActiveCfg = Debug|Any CPU
		{2C729A22-618A-42FB-83D8-B4734616DC1E}.Debug|Any CPU.Build.0 = Debug|Any CPU
		{2C729A22-618A-42FB-83D8-B4734616DC1E}.Release|Any CPU.ActiveCfg = Release|Any CPU
		{2C729A22-618A-42FB-83D8-B4734616DC1E}.Release|Any CPU.Build.0 = Release|Any CPU
		{3A729D0C-DE09-4BF3-A758-461BE1FAF44E}.Debug|Any CPU.ActiveCfg = Debug|Any CPU
		{3A729D0C-DE09-4BF3-A758-461BE1FAF44E}.Debug|Any CPU.Build.0 = Debug|Any CPU
		{3A729D0C-DE09-4BF3-A758-461BE1FAF44E}.Release|Any CPU.ActiveCfg = Release|Any CPU
		{3A729D0C-DE09-4BF3-A758-461BE1FAF44E}.Release|Any CPU.Build.0 = Release|Any CPU
		{3C0B8805-6A06-47D1-9C9C-FBF4E2565C59}.Debug|Any CPU.ActiveCfg = Debug|Any CPU
		{3C0B8805-6A06-47D1-9C9C-FBF4E2565C59}.Debug|Any CPU.Build.0 = Debug|Any CPU
		{3C0B8805-6A06-47D1-9C9C-FBF4E2565C59}.Release|Any CPU.ActiveCfg = Release|Any CPU
		{3C0B8805-6A06-47D1-9C9C-FBF4E2565C59}.Release|Any CPU.Build.0 = Release|Any CPU
		{348F8D8C-6301-4A88-BF37-48738432BA11}.Debug|Any CPU.ActiveCfg = Debug|Any CPU
		{348F8D8C-6301-4A88-BF37-48738432BA11}.Debug|Any CPU.Build.0 = Debug|Any CPU
		{348F8D8C-6301-4A88-BF37-48738432BA11}.Release|Any CPU.ActiveCfg = Release|Any CPU
		{348F8D8C-6301-4A88-BF37-48738432BA11}.Release|Any CPU.Build.0 = Release|Any CPU
	EndGlobalSection
	GlobalSection(SolutionProperties) = preSolution
		HideSolutionNode = FALSE
	EndGlobalSection
	GlobalSection(ExtensibilityGlobals) = postSolution
		SolutionGuid = {73E04369-05C0-401C-98A6-E9693578EA54}
	EndGlobalSection
EndGlobal
